
Microsoft Visual Studio Solution File, Format Version 12.00
# Visual Studio Version 17
VisualStudioVersion = 17.2.32526.322
MinimumVisualStudioVersion = 10.0.40219.1
Project("{FAE04EC0-301F-11D3-BF4B-00C04F79EFBC}") = "Color Picker", "Color Picker.csproj", "{7CEC4D97-A2AC-40EF-A800-CE2C7413E89E}"
EndProject
Global
	GlobalSection(SolutionConfigurationPlatforms) = preSolution
		Debug|Any CPU = Debug|Any CPU
		Release|Any CPU = Release|Any CPU
	EndGlobalSection
	GlobalSection(ProjectConfigurationPlatforms) = postSolution
		{7CEC4D97-A2AC-40EF-A800-CE2C7413E89E}.Debug|Any CPU.ActiveCfg = Debug|Any CPU
		{7CEC4D97-A2AC-40EF-A800-CE2C7413E89E}.Debug|Any CPU.Build.0 = Debug|Any CPU
		{7CEC4D97-A2AC-40EF-A800-CE2C7413E89E}.Release|Any CPU.ActiveCfg = Release|Any CPU
		{7CEC4D97-A2AC-40EF-A800-CE2C7413E89E}.Release|Any CPU.Build.0 = Release|Any CPU
	EndGlobalSection
	GlobalSection(SolutionProperties) = preSolution
		HideSolutionNode = FALSE
	EndGlobalSection
	GlobalSection(ExtensibilityGlobals) = postSolution
		SolutionGuid = {E96792D3-410E-4E18-9314-0CDD90288940}
	EndGlobalSection
EndGlobal
